
Microsoft Visual Studio Solution File, Format Version 12.00
# Visual Studio Version 16
VisualStudioVersion = 16.0.30517.126
MinimumVisualStudioVersion = 10.0.40219.1
Project("{FAE04EC0-301F-11D3-BF4B-00C04F79EFBC}") = "UnitTestMAP", "UnitTestMAP\UnitTestMAP.csproj", "{8DF58779-64C3-4EE6-93B4-F1D7A0040E19}"
EndProject
Project("{FAE04EC0-301F-11D3-BF4B-00C04F79EFBC}") = "MAP", "MAP\MAP.csproj", "{FBE9CBD0-1292-4D6F-BD0E-1E6FE9637737}"
EndProject
Global
	GlobalSection(SolutionConfigurationPlatforms) = preSolution
		Debug|Any CPU = Debug|Any CPU
		Release|Any CPU = Release|Any CPU
	EndGlobalSection
	GlobalSection(ProjectConfigurationPlatforms) = postSolution
		{8DF58779-64C3-4EE6-93B4-F1D7A0040E19}.Debug|Any CPU.ActiveCfg = Debug|Any CPU
		{8DF58779-64C3-4EE6-93B4-F1D7A0040E19}.Debug|Any CPU.Build.0 = Debug|Any CPU
		{8DF58779-64C3-4EE6-93B4-F1D7A0040E19}.Release|Any CPU.ActiveCfg = Release|Any CPU
		{8DF58779-64C3-4EE6-93B4-F1D7A0040E19}.Release|Any CPU.Build.0 = Release|Any CPU
		{FBE9CBD0-1292-4D6F-BD0E-1E6FE9637737}.Debug|Any CPU.ActiveCfg = Debug|Any CPU
		{FBE9CBD0-1292-4D6F-BD0E-1E6FE9637737}.Debug|Any CPU.Build.0 = Debug|Any CPU
		{FBE9CBD0-1292-4D6F-BD0E-1E6FE9637737}.Release|Any CPU.ActiveCfg = Release|Any CPU
		{FBE9CBD0-1292-4D6F-BD0E-1E6FE9637737}.Release|Any CPU.Build.0 = Release|Any CPU
	EndGlobalSection
	GlobalSection(SolutionProperties) = preSolution
		HideSolutionNode = FALSE
	EndGlobalSection
	GlobalSection(ExtensibilityGlobals) = postSolution
		SolutionGuid = {7065CC22-0ECE-4AAA-AA42-A1BE4DC76331}
	EndGlobalSection
EndGlobal
